
Microsoft Visual Studio Solution File, Format Version 12.00
# Visual Studio 15
VisualStudioVersion = 15.0.35213.121
MinimumVisualStudioVersion = 10.0.40219.1
Project("{FAE04EC0-301F-11D3-BF4B-00C04F79EFBC}") = "Overloading1", "Overloading1\Overloading1.csproj", "{FBA70840-5D70-471E-A2A8-31E1C805BBC2}"
EndProject
Project("{FAE04EC0-301F-11D3-BF4B-00C04F79EFBC}") = "Overloading2", "Overloading2\Overloading2.csproj", "{6C1647B8-7F97-4E16-A815-21EFAB6A6566}"
EndProject
Project("{FAE04EC0-301F-11D3-BF4B-00C04F79EFBC}") = "Overloading3", "Overloading3\Overloading3.csproj", "{ACDC26DF-B59C-4F5A-A5FE-52501174F776}"
EndProject
Project("{FAE04EC0-301F-11D3-BF4B-00C04F79EFBC}") = "Indeksleyiciler1", "Indeksleyiciler1\Indeksleyiciler1.csproj", "{26558194-48E7-4DD1-9D5C-59ADB4AECD91}"
EndProject
Project("{FAE04EC0-301F-11D3-BF4B-00C04F79EFBC}") = "Indeksleyiciler2", "Indeksleyiciler2\Indeksleyiciler2.csproj", "{7BA7BCDE-F821-4A87-8EA7-AF1A483BBB3A}"
EndProject
Project("{FAE04EC0-301F-11D3-BF4B-00C04F79EFBC}") = "Indeksleyiciler3", "Indeksleyiciler3\Indeksleyiciler3.csproj", "{02F5B687-53A4-4AA4-82E4-390FF5219911}"
EndProject
Project("{FAE04EC0-301F-11D3-BF4B-00C04F79EFBC}") = "Indeksleyiciler4", "Indeksleyiciler4\Indeksleyiciler4.csproj", "{44DCEDEC-3D25-4F75-BA39-1113E690AB54}"
EndProject
Project("{FAE04EC0-301F-11D3-BF4B-00C04F79EFBC}") = "Struct1", "Struct1\Struct1.csproj", "{0CA96B44-A17F-4994-A141-BAED2FF7C807}"
EndProject
Project("{FAE04EC0-301F-11D3-BF4B-00C04F79EFBC}") = "Struct2", "Struct2\Struct2.csproj", "{CEA22429-5520-48E9-B49D-E574D5E071E8}"
EndProject
Project("{FAE04EC0-301F-11D3-BF4B-00C04F79EFBC}") = "Struct3", "Struct3\Struct3.csproj", "{4F7A0495-0BB6-4A51-BCA1-86B2A71F1F27}"
EndProject
Project("{FAE04EC0-301F-11D3-BF4B-00C04F79EFBC}") = "Enum1", "Enum1\Enum1.csproj", "{F5BB763C-30AA-495B-96EE-E1071518DBF7}"
EndProject
Project("{FAE04EC0-301F-11D3-BF4B-00C04F79EFBC}") = "Enum2", "Enum2\Enum2.csproj", "{3AD3C2B5-55BB-42B2-96F9-1A3DEB61D06C}"
EndProject
Project("{FAE04EC0-301F-11D3-BF4B-00C04F79EFBC}") = "Enum3", "Enum3\Enum3.csproj", "{9405A6E2-DC1F-436D-89A0-58E1AF5C3472}"
EndProject
Global
	GlobalSection(SolutionConfigurationPlatforms) = preSolution
		Debug|Any CPU = Debug|Any CPU
		Release|Any CPU = Release|Any CPU
	EndGlobalSection
	GlobalSection(ProjectConfigurationPlatforms) = postSolution
		{FBA70840-5D70-471E-A2A8-31E1C805BBC2}.Debug|Any CPU.ActiveCfg = Debug|Any CPU
		{FBA70840-5D70-471E-A2A8-31E1C805BBC2}.Debug|Any CPU.Build.0 = Debug|Any CPU
		{FBA70840-5D70-471E-A2A8-31E1C805BBC2}.Release|Any CPU.ActiveCfg = Release|Any CPU
		{FBA70840-5D70-471E-A2A8-31E1C805BBC2}.Release|Any CPU.Build.0 = Release|Any CPU
		{6C1647B8-7F97-4E16-A815-21EFAB6A6566}.Debug|Any CPU.ActiveCfg = Debug|Any CPU
		{6C1647B8-7F97-4E16-A815-21EFAB6A6566}.Debug|Any CPU.Build.0 = Debug|Any CPU
		{6C1647B8-7F97-4E16-A815-21EFAB6A6566}.Release|Any CPU.ActiveCfg = Release|Any CPU
		{6C1647B8-7F97-4E16-A815-21EFAB6A6566}.Release|Any CPU.Build.0 = Release|Any CPU
		{ACDC26DF-B59C-4F5A-A5FE-52501174F776}.Debug|Any CPU.ActiveCfg = Debug|Any CPU
		{ACDC26DF-B59C-4F5A-A5FE-52501174F776}.Debug|Any CPU.Build.0 = Debug|Any CPU
		{ACDC26DF-B59C-4F5A-A5FE-52501174F776}.Release|Any CPU.ActiveCfg = Release|Any CPU
		{ACDC26DF-B59C-4F5A-A5FE-52501174F776}.Release|Any CPU.Build.0 = Release|Any CPU
		{26558194-48E7-4DD1-9D5C-59ADB4AECD91}.Debug|Any CPU.ActiveCfg = Debug|Any CPU
		{26558194-48E7-4DD1-9D5C-59ADB4AECD91}.Debug|Any CPU.Build.0 = Debug|Any CPU
		{26558194-48E7-4DD1-9D5C-59ADB4AECD91}.Release|Any CPU.ActiveCfg = Release|Any CPU
		{26558194-48E7-4DD1-9D5C-59ADB4AECD91}.Release|Any CPU.Build.0 = Release|Any CPU
		{7BA7BCDE-F821-4A87-8EA7-AF1A483BBB3A}.Debug|Any CPU.ActiveCfg = Debug|Any CPU
		{7BA7BCDE-F821-4A87-8EA7-AF1A483BBB3A}.Debug|Any CPU.Build.0 = Debug|Any CPU
		{7BA7BCDE-F821-4A87-8EA7-AF1A483BBB3A}.Release|Any CPU.ActiveCfg = Release|Any CPU
		{7BA7BCDE-F821-4A87-8EA7-AF1A483BBB3A}.Release|Any CPU.Build.0 = Release|Any CPU
		{02F5B687-53A4-4AA4-82E4-390FF5219911}.Debug|Any CPU.ActiveCfg = Debug|Any CPU
		{02F5B687-53A4-4AA4-82E4-390FF5219911}.Debug|Any CPU.Build.0 = Debug|Any CPU
		{02F5B687-53A4-4AA4-82E4-390FF5219911}.Release|Any CPU.ActiveCfg = Release|Any CPU
		{02F5B687-53A4-4AA4-82E4-390FF5219911}.Release|Any CPU.Build.0 = Release|Any CPU
		{44DCEDEC-3D25-4F75-BA39-1113E690AB54}.Debug|Any CPU.ActiveCfg = Debug|Any CPU
		{44DCEDEC-3D25-4F75-BA39-1113E690AB54}.Debug|Any CPU.Build.0 = Debug|Any CPU
		{44DCEDEC-3D25-4F75-BA39-1113E690AB54}.Release|Any CPU.ActiveCfg = Release|Any CPU
		{44DCEDEC-3D25-4F75-BA39-1113E690AB54}.Release|Any CPU.Build.0 = Release|Any CPU
		{0CA96B44-A17F-4994-A141-BAED2FF7C807}.Debug|Any CPU.ActiveCfg = Debug|Any CPU
		{0CA96B44-A17F-4994-A141-BAED2FF7C807}.Debug|Any CPU.Build.0 = Debug|Any CPU
		{0CA96B44-A17F-4994-A141-BAED2FF7C807}.Release|Any CPU.ActiveCfg = Release|Any CPU
		{0CA96B44-A17F-4994-A141-BAED2FF7C807}.Release|Any CPU.Build.0 = Release|Any CPU
		{CEA22429-5520-48E9-B49D-E574D5E071E8}.Debug|Any CPU.ActiveCfg = Debug|Any CPU
		{CEA22429-5520-48E9-B49D-E574D5E071E8}.Debug|Any CPU.Build.0 = Debug|Any CPU
		{CEA22429-5520-48E9-B49D-E574D5E071E8}.Release|Any CPU.ActiveCfg = Release|Any CPU
		{CEA22429-5520-48E9-B49D-E574D5E071E8}.Release|Any CPU.Build.0 = Release|Any CPU
		{4F7A0495-0BB6-4A51-BCA1-86B2A71F1F27}.Debug|Any CPU.ActiveCfg = Debug|Any CPU
		{4F7A0495-0BB6-4A51-BCA1-86B2A71F1F27}.Debug|Any CPU.Build.0 = Debug|Any CPU
		{4F7A0495-0BB6-4A51-BCA1-86B2A71F1F27}.Release|Any CPU.ActiveCfg = Release|Any CPU
		{4F7A0495-0BB6-4A51-BCA1-86B2A71F1F27}.Release|Any CPU.Build.0 = Release|Any CPU
		{F5BB763C-30AA-495B-96EE-E1071518DBF7}.Debug|Any CPU.ActiveCfg = Debug|Any CPU
		{F5BB763C-30AA-495B-96EE-E1071518DBF7}.Debug|Any CPU.Build.0 = Debug|Any CPU
		{F5BB763C-30AA-495B-96EE-E1071518DBF7}.Release|Any CPU.ActiveCfg = Release|Any CPU
		{F5BB763C-30AA-495B-96EE-E1071518DBF7}.Release|Any CPU.Build.0 = Release|Any CPU
		{3AD3C2B5-55BB-42B2-96F9-1A3DEB61D06C}.Debug|Any CPU.ActiveCfg = Debug|Any CPU
		{3AD3C2B5-55BB-42B2-96F9-1A3DEB61D06C}.Debug|Any CPU.Build.0 = Debug|Any CPU
		{3AD3C2B5-55BB-42B2-96F9-1A3DEB61D06C}.Release|Any CPU.ActiveCfg = Release|Any CPU
		{3AD3C2B5-55BB-42B2-96F9-1A3DEB61D06C}.Release|Any CPU.Build.0 = Release|Any CPU
		{9405A6E2-DC1F-436D-89A0-58E1AF5C3472}.Debug|Any CPU.ActiveCfg = Debug|Any CPU
		{9405A6E2-DC1F-436D-89A0-58E1AF5C3472}.Debug|Any CPU.Build.0 = Debug|Any CPU
		{9405A6E2-DC1F-436D-89A0-58E1AF5C3472}.Release|Any CPU.ActiveCfg = Release|Any CPU
		{9405A6E2-DC1F-436D-89A0-58E1AF5C3472}.Release|Any CPU.Build.0 = Release|Any CPU
	EndGlobalSection
	GlobalSection(SolutionProperties) = preSolution
		HideSolutionNode = FALSE
	EndGlobalSection
	GlobalSection(ExtensibilityGlobals) = postSolution
		SolutionGuid = {6CEE321F-8857-4104-91DD-0A5ABD10B049}
	EndGlobalSection
EndGlobal
